
Microsoft Visual Studio Solution File, Format Version 12.00
# Visual Studio 15
Project("{FAE04EC0-301F-11D3-BF4B-00C04F79EFBC}") = "CSharpExplorations", "CSharpExplorations\CSharpExplorations.csproj", "{0C027D96-5F2E-4A63-8140-789FB78058E5}"
EndProject
Project("{FAE04EC0-301F-11D3-BF4B-00C04F79EFBC}") = "CSharpExplorationsTests", "CSharpExplorationsTests\CSharpExplorationsTests.csproj", "{FA943096-087C-42F7-95BB-D964714DF931}"
EndProject
Global
	GlobalSection(SolutionConfigurationPlatforms) = preSolution
		Debug|Any CPU = Debug|Any CPU
		Release|Any CPU = Release|Any CPU
	EndGlobalSection
	GlobalSection(ProjectConfigurationPlatforms) = postSolution
		{0C027D96-5F2E-4A63-8140-789FB78058E5}.Debug|Any CPU.ActiveCfg = Debug|Any CPU
		{0C027D96-5F2E-4A63-8140-789FB78058E5}.Debug|Any CPU.Build.0 = Debug|Any CPU
		{0C027D96-5F2E-4A63-8140-789FB78058E5}.Release|Any CPU.ActiveCfg = Release|Any CPU
		{0C027D96-5F2E-4A63-8140-789FB78058E5}.Release|Any CPU.Build.0 = Release|Any CPU
		{FA943096-087C-42F7-95BB-D964714DF931}.Debug|Any CPU.ActiveCfg = Debug|Any CPU
		{FA943096-087C-42F7-95BB-D964714DF931}.Debug|Any CPU.Build.0 = Debug|Any CPU
		{FA943096-087C-42F7-95BB-D964714DF931}.Release|Any CPU.ActiveCfg = Release|Any CPU
		{FA943096-087C-42F7-95BB-D964714DF931}.Release|Any CPU.Build.0 = Release|Any CPU
	EndGlobalSection
	GlobalSection(MonoDevelopProperties) = preSolution
		Policies = $0
		$0.DotNetNamingPolicy = $1
		$1.DirectoryNamespaceAssociation = PrefixedHierarchical
		$0.StandardHeader = $2
		$0.VersionControlPolicy = $3
	EndGlobalSection
EndGlobal
